// !$*UTF8*$!
{
	archiveVersion = 1;
	classes = {
	};
	objectVersion = 55;
	objects = {

/* Begin PBXBuildFile section */
		E95D890628E966FB002E1D75 /* AppDelegate.swift in Sources */ = {isa = PBXBuildFile; fileRef = E95D890528E966FB002E1D75 /* AppDelegate.swift */; };
		E95D890828E966FB002E1D75 /* SceneDelegate.swift in Sources */ = {isa = PBXBuildFile; fileRef = E95D890728E966FB002E1D75 /* SceneDelegate.swift */; };
		E95D890A28E966FB002E1D75 /* ViewController.swift in Sources */ = {isa = PBXBuildFile; fileRef = E95D890928E966FB002E1D75 /* ViewController.swift */; };
		E95D890D28E966FB002E1D75 /* Intro.storyboard in Resources */ = {isa = PBXBuildFile; fileRef = E95D890B28E966FB002E1D75 /* Intro.storyboard */; };
		E95D890F28E966FC002E1D75 /* Assets.xcassets in Resources */ = {isa = PBXBuildFile; fileRef = E95D890E28E966FC002E1D75 /* Assets.xcassets */; };
		E95D891228E966FC002E1D75 /* LaunchScreen.storyboard in Resources */ = {isa = PBXBuildFile; fileRef = E95D891028E966FC002E1D75 /* LaunchScreen.storyboard */; };
		E95D891D28E966FC002E1D75 /* JHCafeTests.swift in Sources */ = {isa = PBXBuildFile; fileRef = E95D891C28E966FC002E1D75 /* JHCafeTests.swift */; };
		E95D892728E966FC002E1D75 /* JHCafeUITests.swift in Sources */ = {isa = PBXBuildFile; fileRef = E95D892628E966FC002E1D75 /* JHCafeUITests.swift */; };
		E95D892928E966FC002E1D75 /* JHCafeUITestsLaunchTests.swift in Sources */ = {isa = PBXBuildFile; fileRef = E95D892828E966FC002E1D75 /* JHCafeUITestsLaunchTests.swift */; };
		E99FF8C52905434A007EA912 /* ReuseViewIdentifierable.swift in Sources */ = {isa = PBXBuildFile; fileRef = E99FF8C42905434A007EA912 /* ReuseViewIdentifierable.swift */; };
		E99FF8C72905435F007EA912 /* ViewControllerFromStoryboard.swift in Sources */ = {isa = PBXBuildFile; fileRef = E99FF8C62905435F007EA912 /* ViewControllerFromStoryboard.swift */; };
		E99FF8C929054372007EA912 /* StoryboardName.swift in Sources */ = {isa = PBXBuildFile; fileRef = E99FF8C829054372007EA912 /* StoryboardName.swift */; };
		E99FF8CB2905440D007EA912 /* BaseViewController.swift in Sources */ = {isa = PBXBuildFile; fileRef = E99FF8CA2905440D007EA912 /* BaseViewController.swift */; };
		E99FF8CD29054426007EA912 /* Constant.swift in Sources */ = {isa = PBXBuildFile; fileRef = E99FF8CC29054426007EA912 /* Constant.swift */; };
		E99FF8D02905444C007EA912 /* UIView+Extension.swift in Sources */ = {isa = PBXBuildFile; fileRef = E99FF8CF2905444C007EA912 /* UIView+Extension.swift */; };
		E99FF8D22905445B007EA912 /* UITableView+Extension.swift in Sources */ = {isa = PBXBuildFile; fileRef = E99FF8D12905445B007EA912 /* UITableView+Extension.swift */; };
		E99FF8D429054699007EA912 /* IntroViewController.swift in Sources */ = {isa = PBXBuildFile; fileRef = E99FF8D329054699007EA912 /* IntroViewController.swift */; };
		E99FF8D62908204B007EA912 /* MainViewController.swift in Sources */ = {isa = PBXBuildFile; fileRef = E99FF8D52908204B007EA912 /* MainViewController.swift */; };
		E99FF8D929082929007EA912 /* SnapKit in Frameworks */ = {isa = PBXBuildFile; productRef = E99FF8D829082929007EA912 /* SnapKit */; };
		E99FF8DB29082929007EA912 /* SnapKit-Dynamic in Frameworks */ = {isa = PBXBuildFile; productRef = E99FF8DA29082929007EA912 /* SnapKit-Dynamic */; };
		E99FF8DE2908295F007EA912 /* Then in Frameworks */ = {isa = PBXBuildFile; productRef = E99FF8DD2908295F007EA912 /* Then */; };
/* End PBXBuildFile section */

/* Begin PBXContainerItemProxy section */
		E95D891928E966FC002E1D75 /* PBXContainerItemProxy */ = {
			isa = PBXContainerItemProxy;
			containerPortal = E95D88FA28E966FB002E1D75 /* Project object */;
			proxyType = 1;
			remoteGlobalIDString = E95D890128E966FB002E1D75;
			remoteInfo = JHCafe;
		};
		E95D892328E966FC002E1D75 /* PBXContainerItemProxy */ = {
			isa = PBXContainerItemProxy;
			containerPortal = E95D88FA28E966FB002E1D75 /* Project object */;
			proxyType = 1;
			remoteGlobalIDString = E95D890128E966FB002E1D75;
			remoteInfo = JHCafe;
		};
/* End PBXContainerItemProxy section */

/* Begin PBXFileReference section */
		E95D890228E966FB002E1D75 /* JHCafe.app */ = {isa = PBXFileReference; explicitFileType = wrapper.application; includeInIndex = 0; path = JHCafe.app; sourceTree = BUILT_PRODUCTS_DIR; };
		E95D890528E966FB002E1D75 /* AppDelegate.swift */ = {isa = PBXFileReference; lastKnownFileType = sourcecode.swift; path = AppDelegate.swift; sourceTree = "<group>"; };
		E95D890728E966FB002E1D75 /* SceneDelegate.swift */ = {isa = PBXFileReference; lastKnownFileType = sourcecode.swift; path = SceneDelegate.swift; sourceTree = "<group>"; };
		E95D890928E966FB002E1D75 /* ViewController.swift */ = {isa = PBXFileReference; lastKnownFileType = sourcecode.swift; path = ViewController.swift; sourceTree = "<group>"; };
		E95D890C28E966FB002E1D75 /* Base */ = {isa = PBXFileReference; lastKnownFileType = file.storyboard; name = Base; path = Base.lproj/Intro.storyboard; sourceTree = "<group>"; };
		E95D890E28E966FC002E1D75 /* Assets.xcassets */ = {isa = PBXFileReference; lastKnownFileType = folder.assetcatalog; path = Assets.xcassets; sourceTree = "<group>"; };
		E95D891128E966FC002E1D75 /* Base */ = {isa = PBXFileReference; lastKnownFileType = file.storyboard; name = Base; path = Base.lproj/LaunchScreen.storyboard; sourceTree = "<group>"; };
		E95D891328E966FC002E1D75 /* Info.plist */ = {isa = PBXFileReference; lastKnownFileType = text.plist.xml; path = Info.plist; sourceTree = "<group>"; };
		E95D891828E966FC002E1D75 /* JHCafeTests.xctest */ = {isa = PBXFileReference; explicitFileType = wrapper.cfbundle; includeInIndex = 0; path = JHCafeTests.xctest; sourceTree = BUILT_PRODUCTS_DIR; };
		E95D891C28E966FC002E1D75 /* JHCafeTests.swift */ = {isa = PBXFileReference; lastKnownFileType = sourcecode.swift; path = JHCafeTests.swift; sourceTree = "<group>"; };
		E95D892228E966FC002E1D75 /* JHCafeUITests.xctest */ = {isa = PBXFileReference; explicitFileType = wrapper.cfbundle; includeInIndex = 0; path = JHCafeUITests.xctest; sourceTree = BUILT_PRODUCTS_DIR; };
		E95D892628E966FC002E1D75 /* JHCafeUITests.swift */ = {isa = PBXFileReference; lastKnownFileType = sourcecode.swift; path = JHCafeUITests.swift; sourceTree = "<group>"; };
		E95D892828E966FC002E1D75 /* JHCafeUITestsLaunchTests.swift */ = {isa = PBXFileReference; lastKnownFileType = sourcecode.swift; path = JHCafeUITestsLaunchTests.swift; sourceTree = "<group>"; };
		E99FF8C42905434A007EA912 /* ReuseViewIdentifierable.swift */ = {isa = PBXFileReference; lastKnownFileType = sourcecode.swift; path = ReuseViewIdentifierable.swift; sourceTree = "<group>"; };
		E99FF8C62905435F007EA912 /* ViewControllerFromStoryboard.swift */ = {isa = PBXFileReference; lastKnownFileType = sourcecode.swift; path = ViewControllerFromStoryboard.swift; sourceTree = "<group>"; };
		E99FF8C829054372007EA912 /* StoryboardName.swift */ = {isa = PBXFileReference; lastKnownFileType = sourcecode.swift; path = StoryboardName.swift; sourceTree = "<group>"; };
		E99FF8CA2905440D007EA912 /* BaseViewController.swift */ = {isa = PBXFileReference; lastKnownFileType = sourcecode.swift; path = BaseViewController.swift; sourceTree = "<group>"; };
		E99FF8CC29054426007EA912 /* Constant.swift */ = {isa = PBXFileReference; lastKnownFileType = sourcecode.swift; path = Constant.swift; sourceTree = "<group>"; };
		E99FF8CF2905444C007EA912 /* UIView+Extension.swift */ = {isa = PBXFileReference; lastKnownFileType = sourcecode.swift; path = "UIView+Extension.swift"; sourceTree = "<group>"; };
		E99FF8D12905445B007EA912 /* UITableView+Extension.swift */ = {isa = PBXFileReference; lastKnownFileType = sourcecode.swift; path = "UITableView+Extension.swift"; sourceTree = "<group>"; };
		E99FF8D329054699007EA912 /* IntroViewController.swift */ = {isa = PBXFileReference; lastKnownFileType = sourcecode.swift; path = IntroViewController.swift; sourceTree = "<group>"; };
		E99FF8D52908204B007EA912 /* MainViewController.swift */ = {isa = PBXFileReference; lastKnownFileType = sourcecode.swift; path = MainViewController.swift; sourceTree = "<group>"; };
/* End PBXFileReference section */

/* Begin PBXFrameworksBuildPhase section */
		E95D88FF28E966FB002E1D75 /* Frameworks */ = {
			isa = PBXFrameworksBuildPhase;
			buildActionMask = 2147483647;
			files = (
				E99FF8D929082929007EA912 /* SnapKit in Frameworks */,
				E99FF8DE2908295F007EA912 /* Then in Frameworks */,
				E99FF8DB29082929007EA912 /* SnapKit-Dynamic in Frameworks */,
			);
			runOnlyForDeploymentPostprocessing = 0;
		};
		E95D891528E966FC002E1D75 /* Frameworks */ = {
			isa = PBXFrameworksBuildPhase;
			buildActionMask = 2147483647;
			files = (
			);
			runOnlyForDeploymentPostprocessing = 0;
		};
		E95D891F28E966FC002E1D75 /* Frameworks */ = {
			isa = PBXFrameworksBuildPhase;
			buildActionMask = 2147483647;
			files = (
			);
			runOnlyForDeploymentPostprocessing = 0;
		};
/* End PBXFrameworksBuildPhase section */

/* Begin PBXGroup section */
		E95D88F928E966FB002E1D75 = {
			isa = PBXGroup;
			children = (
				E95D890428E966FB002E1D75 /* JHCafe */,
				E95D891B28E966FC002E1D75 /* JHCafeTests */,
				E95D892528E966FC002E1D75 /* JHCafeUITests */,
				E95D890328E966FB002E1D75 /* Products */,
			);
			sourceTree = "<group>";
		};
		E95D890328E966FB002E1D75 /* Products */ = {
			isa = PBXGroup;
			children = (
				E95D890228E966FB002E1D75 /* JHCafe.app */,
				E95D891828E966FC002E1D75 /* JHCafeTests.xctest */,
				E95D892228E966FC002E1D75 /* JHCafeUITests.xctest */,
			);
			name = Products;
			sourceTree = "<group>";
		};
		E95D890428E966FB002E1D75 /* JHCafe */ = {
			isa = PBXGroup;
			children = (
				E99FF8BC290542E7007EA912 /* Common */,
				E99FF8C0290542FE007EA912 /* View */,
				E99FF8BF290542FA007EA912 /* Model */,
				E99FF8BE290542F5007EA912 /* ViewModel */,
				E99FF8BD290542EB007EA912 /* Network */,
				E99FF8C129054305007EA912 /* Utils */,
				E95D890528E966FB002E1D75 /* AppDelegate.swift */,
				E95D890728E966FB002E1D75 /* SceneDelegate.swift */,
				E95D890928E966FB002E1D75 /* ViewController.swift */,
				E95D890E28E966FC002E1D75 /* Assets.xcassets */,
				E95D891028E966FC002E1D75 /* LaunchScreen.storyboard */,
				E95D891328E966FC002E1D75 /* Info.plist */,
			);
			path = JHCafe;
			sourceTree = "<group>";
		};
		E95D891B28E966FC002E1D75 /* JHCafeTests */ = {
			isa = PBXGroup;
			children = (
				E95D891C28E966FC002E1D75 /* JHCafeTests.swift */,
			);
			path = JHCafeTests;
			sourceTree = "<group>";
		};
		E95D892528E966FC002E1D75 /* JHCafeUITests */ = {
			isa = PBXGroup;
			children = (
				E95D892628E966FC002E1D75 /* JHCafeUITests.swift */,
				E95D892828E966FC002E1D75 /* JHCafeUITestsLaunchTests.swift */,
			);
			path = JHCafeUITests;
			sourceTree = "<group>";
		};
		E99FF8BC290542E7007EA912 /* Common */ = {
			isa = PBXGroup;
			children = (
				E99FF8C42905434A007EA912 /* ReuseViewIdentifierable.swift */,
				E99FF8C62905435F007EA912 /* ViewControllerFromStoryboard.swift */,
				E99FF8C829054372007EA912 /* StoryboardName.swift */,
			);
			path = Common;
			sourceTree = "<group>";
		};
		E99FF8BD290542EB007EA912 /* Network */ = {
			isa = PBXGroup;
			children = (
			);
			path = Network;
			sourceTree = "<group>";
		};
		E99FF8BE290542F5007EA912 /* ViewModel */ = {
			isa = PBXGroup;
			children = (
			);
			path = ViewModel;
			sourceTree = "<group>";
		};
		E99FF8BF290542FA007EA912 /* Model */ = {
			isa = PBXGroup;
			children = (
			);
			path = Model;
			sourceTree = "<group>";
		};
		E99FF8C0290542FE007EA912 /* View */ = {
			isa = PBXGroup;
			children = (
				E99FF8CA2905440D007EA912 /* BaseViewController.swift */,
				E99FF8C229054327007EA912 /* Intro */,
				E99FF8C32905432C007EA912 /* Main */,
			);
			path = View;
			sourceTree = "<group>";
		};
		E99FF8C129054305007EA912 /* Utils */ = {
			isa = PBXGroup;
			children = (
				E99FF8CE29054439007EA912 /* Extension */,
				E99FF8CC29054426007EA912 /* Constant.swift */,
			);
			path = Utils;
			sourceTree = "<group>";
		};
		E99FF8C229054327007EA912 /* Intro */ = {
			isa = PBXGroup;
			children = (
				E95D890B28E966FB002E1D75 /* Intro.storyboard */,
				E99FF8D329054699007EA912 /* IntroViewController.swift */,
			);
			path = Intro;
			sourceTree = "<group>";
		};
		E99FF8C32905432C007EA912 /* Main */ = {
			isa = PBXGroup;
			children = (
				E99FF8D52908204B007EA912 /* MainViewController.swift */,
			);
			path = Main;
			sourceTree = "<group>";
		};
		E99FF8CE29054439007EA912 /* Extension */ = {
			isa = PBXGroup;
			children = (
				E99FF8CF2905444C007EA912 /* UIView+Extension.swift */,
				E99FF8D12905445B007EA912 /* UITableView+Extension.swift */,
			);
			path = Extension;
			sourceTree = "<group>";
		};
/* End PBXGroup section */

/* Begin PBXNativeTarget section */
		E95D890128E966FB002E1D75 /* JHCafe */ = {
			isa = PBXNativeTarget;
			buildConfigurationList = E95D892C28E966FC002E1D75 /* Build configuration list for PBXNativeTarget "JHCafe" */;
			buildPhases = (
				E95D88FE28E966FB002E1D75 /* Sources */,
				E95D88FF28E966FB002E1D75 /* Frameworks */,
				E95D890028E966FB002E1D75 /* Resources */,
			);
			buildRules = (
			);
			dependencies = (
			);
			name = JHCafe;
			packageProductDependencies = (
				E99FF8D829082929007EA912 /* SnapKit */,
				E99FF8DA29082929007EA912 /* SnapKit-Dynamic */,
				E99FF8DD2908295F007EA912 /* Then */,
			);
			productName = JHCafe;
			productReference = E95D890228E966FB002E1D75 /* JHCafe.app */;
			productType = "com.apple.product-type.application";
		};
		E95D891728E966FC002E1D75 /* JHCafeTests */ = {
			isa = PBXNativeTarget;
			buildConfigurationList = E95D892F28E966FC002E1D75 /* Build configuration list for PBXNativeTarget "JHCafeTests" */;
			buildPhases = (
				E95D891428E966FC002E1D75 /* Sources */,
				E95D891528E966FC002E1D75 /* Frameworks */,
				E95D891628E966FC002E1D75 /* Resources */,
			);
			buildRules = (
			);
			dependencies = (
				E95D891A28E966FC002E1D75 /* PBXTargetDependency */,
			);
			name = JHCafeTests;
			productName = JHCafeTests;
			productReference = E95D891828E966FC002E1D75 /* JHCafeTests.xctest */;
			productType = "com.apple.product-type.bundle.unit-test";
		};
		E95D892128E966FC002E1D75 /* JHCafeUITests */ = {
			isa = PBXNativeTarget;
			buildConfigurationList = E95D893228E966FC002E1D75 /* Build configuration list for PBXNativeTarget "JHCafeUITests" */;
			buildPhases = (
				E95D891E28E966FC002E1D75 /* Sources */,
				E95D891F28E966FC002E1D75 /* Frameworks */,
				E95D892028E966FC002E1D75 /* Resources */,
			);
			buildRules = (
			);
			dependencies = (
				E95D892428E966FC002E1D75 /* PBXTargetDependency */,
			);
			name = JHCafeUITests;
			productName = JHCafeUITests;
			productReference = E95D892228E966FC002E1D75 /* JHCafeUITests.xctest */;
			productType = "com.apple.product-type.bundle.ui-testing";
		};
/* End PBXNativeTarget section */

/* Begin PBXProject section */
		E95D88FA28E966FB002E1D75 /* Project object */ = {
			isa = PBXProject;
			attributes = {
				BuildIndependentTargetsInParallel = 1;
				LastSwiftUpdateCheck = 1340;
				LastUpgradeCheck = 1340;
				TargetAttributes = {
					E95D890128E966FB002E1D75 = {
						CreatedOnToolsVersion = 13.4.1;
					};
					E95D891728E966FC002E1D75 = {
						CreatedOnToolsVersion = 13.4.1;
						TestTargetID = E95D890128E966FB002E1D75;
					};
					E95D892128E966FC002E1D75 = {
						CreatedOnToolsVersion = 13.4.1;
						TestTargetID = E95D890128E966FB002E1D75;
					};
				};
			};
			buildConfigurationList = E95D88FD28E966FB002E1D75 /* Build configuration list for PBXProject "JHCafe" */;
			compatibilityVersion = "Xcode 13.0";
			developmentRegion = en;
			hasScannedForEncodings = 0;
			knownRegions = (
				en,
				Base,
			);
			mainGroup = E95D88F928E966FB002E1D75;
			packageReferences = (
				E99FF8D729082929007EA912 /* XCRemoteSwiftPackageReference "SnapKit" */,
				E99FF8DC2908295E007EA912 /* XCRemoteSwiftPackageReference "Then" */,
			);
			productRefGroup = E95D890328E966FB002E1D75 /* Products */;
			projectDirPath = "";
			projectRoot = "";
			targets = (
				E95D890128E966FB002E1D75 /* JHCafe */,
				E95D891728E966FC002E1D75 /* JHCafeTests */,
				E95D892128E966FC002E1D75 /* JHCafeUITests */,
			);
		};
/* End PBXProject section */

/* Begin PBXResourcesBuildPhase section */
		E95D890028E966FB002E1D75 /* Resources */ = {
			isa = PBXResourcesBuildPhase;
			buildActionMask = 2147483647;
			files = (
				E95D891228E966FC002E1D75 /* LaunchScreen.storyboard in Resources */,
				E95D890F28E966FC002E1D75 /* Assets.xcassets in Resources */,
				E95D890D28E966FB002E1D75 /* Intro.storyboard in Resources */,
			);
			runOnlyForDeploymentPostprocessing = 0;
		};
		E95D891628E966FC002E1D75 /* Resources */ = {
			isa = PBXResourcesBuildPhase;
			buildActionMask = 2147483647;
			files = (
			);
			runOnlyForDeploymentPostprocessing = 0;
		};
		E95D892028E966FC002E1D75 /* Resources */ = {
			isa = PBXResourcesBuildPhase;
			buildActionMask = 2147483647;
			files = (
			);
			runOnlyForDeploymentPostprocessing = 0;
		};
/* End PBXResourcesBuildPhase section */

/* Begin PBXSourcesBuildPhase section */
		E95D88FE28E966FB002E1D75 /* Sources */ = {
			isa = PBXSourcesBuildPhase;
			buildActionMask = 2147483647;
			files = (
				E95D890A28E966FB002E1D75 /* ViewController.swift in Sources */,
				E99FF8C72905435F007EA912 /* ViewControllerFromStoryboard.swift in Sources */,
				E95D890628E966FB002E1D75 /* AppDelegate.swift in Sources */,
				E99FF8D62908204B007EA912 /* MainViewController.swift in Sources */,
				E99FF8D02905444C007EA912 /* UIView+Extension.swift in Sources */,
				E99FF8CD29054426007EA912 /* Constant.swift in Sources */,
				E99FF8C929054372007EA912 /* StoryboardName.swift in Sources */,
				E99FF8C52905434A007EA912 /* ReuseViewIdentifierable.swift in Sources */,
				E99FF8D22905445B007EA912 /* UITableView+Extension.swift in Sources */,
				E99FF8D429054699007EA912 /* IntroViewController.swift in Sources */,
				E99FF8CB2905440D007EA912 /* BaseViewController.swift in Sources */,
				E95D890828E966FB002E1D75 /* SceneDelegate.swift in Sources */,
			);
			runOnlyForDeploymentPostprocessing = 0;
		};
		E95D891428E966FC002E1D75 /* Sources */ = {
			isa = PBXSourcesBuildPhase;
			buildActionMask = 2147483647;
			files = (
				E95D891D28E966FC002E1D75 /* JHCafeTests.swift in Sources */,
			);
			runOnlyForDeploymentPostprocessing = 0;
		};
		E95D891E28E966FC002E1D75 /* Sources */ = {
			isa = PBXSourcesBuildPhase;
			buildActionMask = 2147483647;
			files = (
				E95D892728E966FC002E1D75 /* JHCafeUITests.swift in Sources */,
				E95D892928E966FC002E1D75 /* JHCafeUITestsLaunchTests.swift in Sources */,
			);
			runOnlyForDeploymentPostprocessing = 0;
		};
/* End PBXSourcesBuildPhase section */

/* Begin PBXTargetDependency section */
		E95D891A28E966FC002E1D75 /* PBXTargetDependency */ = {
			isa = PBXTargetDependency;
			target = E95D890128E966FB002E1D75 /* JHCafe */;
			targetProxy = E95D891928E966FC002E1D75 /* PBXContainerItemProxy */;
		};
		E95D892428E966FC002E1D75 /* PBXTargetDependency */ = {
			isa = PBXTargetDependency;
			target = E95D890128E966FB002E1D75 /* JHCafe */;
			targetProxy = E95D892328E966FC002E1D75 /* PBXContainerItemProxy */;
		};
/* End PBXTargetDependency section */

/* Begin PBXVariantGroup section */
		E95D890B28E966FB002E1D75 /* Intro.storyboard */ = {
			isa = PBXVariantGroup;
			children = (
				E95D890C28E966FB002E1D75 /* Base */,
			);
			name = Intro.storyboard;
			sourceTree = "<group>";
		};
		E95D891028E966FC002E1D75 /* LaunchScreen.storyboard */ = {
			isa = PBXVariantGroup;
			children = (
				E95D891128E966FC002E1D75 /* Base */,
			);
			name = LaunchScreen.storyboard;
			sourceTree = "<group>";
		};
/* End PBXVariantGroup section */

/* Begin XCBuildConfiguration section */
		E95D892A28E966FC002E1D75 /* Debug */ = {
			isa = XCBuildConfiguration;
			buildSettings = {
				ALWAYS_SEARCH_USER_PATHS = NO;
				CLANG_ANALYZER_NONNULL = YES;
				CLANG_ANALYZER_NUMBER_OBJECT_CONVERSION = YES_AGGRESSIVE;
				CLANG_CXX_LANGUAGE_STANDARD = "gnu++17";
				CLANG_ENABLE_MODULES = YES;
				CLANG_ENABLE_OBJC_ARC = YES;
				CLANG_ENABLE_OBJC_WEAK = YES;
				CLANG_WARN_BLOCK_CAPTURE_AUTORELEASING = YES;
				CLANG_WARN_BOOL_CONVERSION = YES;
				CLANG_WARN_COMMA = YES;
				CLANG_WARN_CONSTANT_CONVERSION = YES;
				CLANG_WARN_DEPRECATED_OBJC_IMPLEMENTATIONS = YES;
				CLANG_WARN_DIRECT_OBJC_ISA_USAGE = YES_ERROR;
				CLANG_WARN_DOCUMENTATION_COMMENTS = YES;
				CLANG_WARN_EMPTY_BODY = YES;
				CLANG_WARN_ENUM_CONVERSION = YES;
				CLANG_WARN_INFINITE_RECURSION = YES;
				CLANG_WARN_INT_CONVERSION = YES;
				CLANG_WARN_NON_LITERAL_NULL_CONVERSION = YES;
				CLANG_WARN_OBJC_IMPLICIT_RETAIN_SELF = YES;
				CLANG_WARN_OBJC_LITERAL_CONVERSION = YES;
				CLANG_WARN_OBJC_ROOT_CLASS = YES_ERROR;
				CLANG_WARN_QUOTED_INCLUDE_IN_FRAMEWORK_HEADER = YES;
				CLANG_WARN_RANGE_LOOP_ANALYSIS = YES;
				CLANG_WARN_STRICT_PROTOTYPES = YES;
				CLANG_WARN_SUSPICIOUS_MOVE = YES;
				CLANG_WARN_UNGUARDED_AVAILABILITY = YES_AGGRESSIVE;
				CLANG_WARN_UNREACHABLE_CODE = YES;
				CLANG_WARN__DUPLICATE_METHOD_MATCH = YES;
				COPY_PHASE_STRIP = NO;
				DEBUG_INFORMATION_FORMAT = dwarf;
				ENABLE_STRICT_OBJC_MSGSEND = YES;
				ENABLE_TESTABILITY = YES;
				GCC_C_LANGUAGE_STANDARD = gnu11;
				GCC_DYNAMIC_NO_PIC = NO;
				GCC_NO_COMMON_BLOCKS = YES;
				GCC_OPTIMIZATION_LEVEL = 0;
				GCC_PREPROCESSOR_DEFINITIONS = (
					"DEBUG=1",
					"$(inherited)",
				);
				GCC_WARN_64_TO_32_BIT_CONVERSION = YES;
				GCC_WARN_ABOUT_RETURN_TYPE = YES_ERROR;
				GCC_WARN_UNDECLARED_SELECTOR = YES;
				GCC_WARN_UNINITIALIZED_AUTOS = YES_AGGRESSIVE;
				GCC_WARN_UNUSED_FUNCTION = YES;
				GCC_WARN_UNUSED_VARIABLE = YES;
				IPHONEOS_DEPLOYMENT_TARGET = 15.5;
				MTL_ENABLE_DEBUG_INFO = INCLUDE_SOURCE;
				MTL_FAST_MATH = YES;
				ONLY_ACTIVE_ARCH = YES;
				SDKROOT = iphoneos;
				SWIFT_ACTIVE_COMPILATION_CONDITIONS = DEBUG;
				SWIFT_OPTIMIZATION_LEVEL = "-Onone";
			};
			name = Debug;
		};
		E95D892B28E966FC002E1D75 /* Release */ = {
			isa = XCBuildConfiguration;
			buildSettings = {
				ALWAYS_SEARCH_USER_PATHS = NO;
				CLANG_ANALYZER_NONNULL = YES;
				CLANG_ANALYZER_NUMBER_OBJECT_CONVERSION = YES_AGGRESSIVE;
				CLANG_CXX_LANGUAGE_STANDARD = "gnu++17";
				CLANG_ENABLE_MODULES = YES;
				CLANG_ENABLE_OBJC_ARC = YES;
				CLANG_ENABLE_OBJC_WEAK = YES;
				CLANG_WARN_BLOCK_CAPTURE_AUTORELEASING = YES;
				CLANG_WARN_BOOL_CONVERSION = YES;
				CLANG_WARN_COMMA = YES;
				CLANG_WARN_CONSTANT_CONVERSION = YES;
				CLANG_WARN_DEPRECATED_OBJC_IMPLEMENTATIONS = YES;
				CLANG_WARN_DIRECT_OBJC_ISA_USAGE = YES_ERROR;
				CLANG_WARN_DOCUMENTATION_COMMENTS = YES;
				CLANG_WARN_EMPTY_BODY = YES;
				CLANG_WARN_ENUM_CONVERSION = YES;
				CLANG_WARN_INFINITE_RECURSION = YES;
				CLANG_WARN_INT_CONVERSION = YES;
				CLANG_WARN_NON_LITERAL_NULL_CONVERSION = YES;
				CLANG_WARN_OBJC_IMPLICIT_RETAIN_SELF = YES;
				CLANG_WARN_OBJC_LITERAL_CONVERSION = YES;
				CLANG_WARN_OBJC_ROOT_CLASS = YES_ERROR;
				CLANG_WARN_QUOTED_INCLUDE_IN_FRAMEWORK_HEADER = YES;
				CLANG_WARN_RANGE_LOOP_ANALYSIS = YES;
				CLANG_WARN_STRICT_PROTOTYPES = YES;
				CLANG_WARN_SUSPICIOUS_MOVE = YES;
				CLANG_WARN_UNGUARDED_AVAILABILITY = YES_AGGRESSIVE;
				CLANG_WARN_UNREACHABLE_CODE = YES;
				CLANG_WARN__DUPLICATE_METHOD_MATCH = YES;
				COPY_PHASE_STRIP = NO;
				DEBUG_INFORMATION_FORMAT = "dwarf-with-dsym";
				ENABLE_NS_ASSERTIONS = NO;
				ENABLE_STRICT_OBJC_MSGSEND = YES;
				GCC_C_LANGUAGE_STANDARD = gnu11;
				GCC_NO_COMMON_BLOCKS = YES;
				GCC_WARN_64_TO_32_BIT_CONVERSION = YES;
				GCC_WARN_ABOUT_RETURN_TYPE = YES_ERROR;
				GCC_WARN_UNDECLARED_SELECTOR = YES;
				GCC_WARN_UNINITIALIZED_AUTOS = YES_AGGRESSIVE;
				GCC_WARN_UNUSED_FUNCTION = YES;
				GCC_WARN_UNUSED_VARIABLE = YES;
				IPHONEOS_DEPLOYMENT_TARGET = 15.5;
				MTL_ENABLE_DEBUG_INFO = NO;
				MTL_FAST_MATH = YES;
				SDKROOT = iphoneos;
				SWIFT_COMPILATION_MODE = wholemodule;
				SWIFT_OPTIMIZATION_LEVEL = "-O";
				VALIDATE_PRODUCT = YES;
			};
			name = Release;
		};
		E95D892D28E966FC002E1D75 /* Debug */ = {
			isa = XCBuildConfiguration;
			buildSettings = {
				ASSETCATALOG_COMPILER_APPICON_NAME = AppIcon;
				ASSETCATALOG_COMPILER_GLOBAL_ACCENT_COLOR_NAME = AccentColor;
				CODE_SIGN_STYLE = Automatic;
				CURRENT_PROJECT_VERSION = 1;
				GENERATE_INFOPLIST_FILE = YES;
				INFOPLIST_FILE = JHCafe/Info.plist;
				INFOPLIST_KEY_UIApplicationSupportsIndirectInputEvents = YES;
				INFOPLIST_KEY_UILaunchStoryboardName = LaunchScreen;
				INFOPLIST_KEY_UIMainStoryboardFile = Intro;
				INFOPLIST_KEY_UISupportedInterfaceOrientations_iPad = "UIInterfaceOrientationPortrait UIInterfaceOrientationPortraitUpsideDown UIInterfaceOrientationLandscapeLeft UIInterfaceOrientationLandscapeRight";
				INFOPLIST_KEY_UISupportedInterfaceOrientations_iPhone = "UIInterfaceOrientationPortrait UIInterfaceOrientationLandscapeLeft UIInterfaceOrientationLandscapeRight";
				IPHONEOS_DEPLOYMENT_TARGET = 15.0;
				LD_RUNPATH_SEARCH_PATHS = (
					"$(inherited)",
					"@executable_path/Frameworks",
				);
				MARKETING_VERSION = 1.0;
				PRODUCT_BUNDLE_IDENTIFIER = jeehge.com.JHCafe;
				PRODUCT_NAME = "$(TARGET_NAME)";
				SUPPORTED_PLATFORMS = "iphoneos iphonesimulator";
				SUPPORTS_MACCATALYST = NO;
				SUPPORTS_MAC_DESIGNED_FOR_IPHONE_IPAD = NO;
				SWIFT_EMIT_LOC_STRINGS = YES;
				SWIFT_VERSION = 5.0;
				TARGETED_DEVICE_FAMILY = 1;
			};
			name = Debug;
		};
		E95D892E28E966FC002E1D75 /* Release */ = {
			isa = XCBuildConfiguration;
			buildSettings = {
				ASSETCATALOG_COMPILER_APPICON_NAME = AppIcon;
				ASSETCATALOG_COMPILER_GLOBAL_ACCENT_COLOR_NAME = AccentColor;
				CODE_SIGN_STYLE = Automatic;
				CURRENT_PROJECT_VERSION = 1;
				GENERATE_INFOPLIST_FILE = YES;
				INFOPLIST_FILE = JHCafe/Info.plist;
				INFOPLIST_KEY_UIApplicationSupportsIndirectInputEvents = YES;
				INFOPLIST_KEY_UILaunchStoryboardName = LaunchScreen;
				INFOPLIST_KEY_UIMainStoryboardFile = Intro;
				INFOPLIST_KEY_UISupportedInterfaceOrientations_iPad = "UIInterfaceOrientationPortrait UIInterfaceOrientationPortraitUpsideDown UIInterfaceOrientationLandscapeLeft UIInterfaceOrientationLandscapeRight";
				INFOPLIST_KEY_UISupportedInterfaceOrientations_iPhone = "UIInterfaceOrientationPortrait UIInterfaceOrientationLandscapeLeft UIInterfaceOrientationLandscapeRight";
				IPHONEOS_DEPLOYMENT_TARGET = 15.0;
				LD_RUNPATH_SEARCH_PATHS = (
					"$(inherited)",
					"@executable_path/Frameworks",
				);
				MARKETING_VERSION = 1.0;
				PRODUCT_BUNDLE_IDENTIFIER = jeehge.com.JHCafe;
				PRODUCT_NAME = "$(TARGET_NAME)";
				SUPPORTED_PLATFORMS = "iphoneos iphonesimulator";
				SUPPORTS_MACCATALYST = NO;
				SUPPORTS_MAC_DESIGNED_FOR_IPHONE_IPAD = NO;
				SWIFT_EMIT_LOC_STRINGS = YES;
				SWIFT_VERSION = 5.0;
				TARGETED_DEVICE_FAMILY = 1;
			};
			name = Release;
		};
		E95D893028E966FC002E1D75 /* Debug */ = {
			isa = XCBuildConfiguration;
			buildSettings = {
				ALWAYS_EMBED_SWIFT_STANDARD_LIBRARIES = YES;
				BUNDLE_LOADER = "$(TEST_HOST)";
				CODE_SIGN_STYLE = Automatic;
				CURRENT_PROJECT_VERSION = 1;
				GENERATE_INFOPLIST_FILE = YES;
				IPHONEOS_DEPLOYMENT_TARGET = 15.5;
				MARKETING_VERSION = 1.0;
				PRODUCT_BUNDLE_IDENTIFIER = jeehge.com.JHCafeTests;
				PRODUCT_NAME = "$(TARGET_NAME)";
				SWIFT_EMIT_LOC_STRINGS = NO;
				SWIFT_VERSION = 5.0;
				TARGETED_DEVICE_FAMILY = "1,2";
				TEST_HOST = "$(BUILT_PRODUCTS_DIR)/JHCafe.app/JHCafe";
			};
			name = Debug;
		};
		E95D893128E966FC002E1D75 /* Release */ = {
			isa = XCBuildConfiguration;
			buildSettings = {
				ALWAYS_EMBED_SWIFT_STANDARD_LIBRARIES = YES;
				BUNDLE_LOADER = "$(TEST_HOST)";
				CODE_SIGN_STYLE = Automatic;
				CURRENT_PROJECT_VERSION = 1;
				GENERATE_INFOPLIST_FILE = YES;
				IPHONEOS_DEPLOYMENT_TARGET = 15.5;
				MARKETING_VERSION = 1.0;
				PRODUCT_BUNDLE_IDENTIFIER = jeehge.com.JHCafeTests;
				PRODUCT_NAME = "$(TARGET_NAME)";
				SWIFT_EMIT_LOC_STRINGS = NO;
				SWIFT_VERSION = 5.0;
				TARGETED_DEVICE_FAMILY = "1,2";
				TEST_HOST = "$(BUILT_PRODUCTS_DIR)/JHCafe.app/JHCafe";
			};
			name = Release;
		};
		E95D893328E966FC002E1D75 /* Debug */ = {
			isa = XCBuildConfiguration;
			buildSettings = {
				ALWAYS_EMBED_SWIFT_STANDARD_LIBRARIES = YES;
				CODE_SIGN_STYLE = Automatic;
				CURRENT_PROJECT_VERSION = 1;
				GENERATE_INFOPLIST_FILE = YES;
				MARKETING_VERSION = 1.0;
				PRODUCT_BUNDLE_IDENTIFIER = jeehge.com.JHCafeUITests;
				PRODUCT_NAME = "$(TARGET_NAME)";
				SWIFT_EMIT_LOC_STRINGS = NO;
				SWIFT_VERSION = 5.0;
				TARGETED_DEVICE_FAMILY = "1,2";
				TEST_TARGET_NAME = JHCafe;
			};
			name = Debug;
		};
		E95D893428E966FC002E1D75 /* Release */ = {
			isa = XCBuildConfiguration;
			buildSettings = {
				ALWAYS_EMBED_SWIFT_STANDARD_LIBRARIES = YES;
				CODE_SIGN_STYLE = Automatic;
				CURRENT_PROJECT_VERSION = 1;
				GENERATE_INFOPLIST_FILE = YES;
				MARKETING_VERSION = 1.0;
				PRODUCT_BUNDLE_IDENTIFIER = jeehge.com.JHCafeUITests;
				PRODUCT_NAME = "$(TARGET_NAME)";
				SWIFT_EMIT_LOC_STRINGS = NO;
				SWIFT_VERSION = 5.0;
				TARGETED_DEVICE_FAMILY = "1,2";
				TEST_TARGET_NAME = JHCafe;
			};
			name = Release;
		};
/* End XCBuildConfiguration section */

/* Begin XCConfigurationList section */
		E95D88FD28E966FB002E1D75 /* Build configuration list for PBXProject "JHCafe" */ = {
			isa = XCConfigurationList;
			buildConfigurations = (
				E95D892A28E966FC002E1D75 /* Debug */,
				E95D892B28E966FC002E1D75 /* Release */,
			);
			defaultConfigurationIsVisible = 0;
			defaultConfigurationName = Release;
		};
		E95D892C28E966FC002E1D75 /* Build configuration list for PBXNativeTarget "JHCafe" */ = {
			isa = XCConfigurationList;
			buildConfigurations = (
				E95D892D28E966FC002E1D75 /* Debug */,
				E95D892E28E966FC002E1D75 /* Release */,
			);
			defaultConfigurationIsVisible = 0;
			defaultConfigurationName = Release;
		};
		E95D892F28E966FC002E1D75 /* Build configuration list for PBXNativeTarget "JHCafeTests" */ = {
			isa = XCConfigurationList;
			buildConfigurations = (
				E95D893028E966FC002E1D75 /* Debug */,
				E95D893128E966FC002E1D75 /* Release */,
			);
			defaultConfigurationIsVisible = 0;
			defaultConfigurationName = Release;
		};
		E95D893228E966FC002E1D75 /* Build configuration list for PBXNativeTarget "JHCafeUITests" */ = {
			isa = XCConfigurationList;
			buildConfigurations = (
				E95D893328E966FC002E1D75 /* Debug */,
				E95D893428E966FC002E1D75 /* Release */,
			);
			defaultConfigurationIsVisible = 0;
			defaultConfigurationName = Release;
		};
/* End XCConfigurationList section */

/* Begin XCRemoteSwiftPackageReference section */
		E99FF8D729082929007EA912 /* XCRemoteSwiftPackageReference "SnapKit" */ = {
			isa = XCRemoteSwiftPackageReference;
			repositoryURL = "https://github.com/SnapKit/SnapKit";
			requirement = {
				branch = develop;
				kind = branch;
			};
		};
		E99FF8DC2908295E007EA912 /* XCRemoteSwiftPackageReference "Then" */ = {
			isa = XCRemoteSwiftPackageReference;
			repositoryURL = "https://github.com/devxoul/Then";
			requirement = {
				branch = master;
				kind = branch;
			};
		};
/* End XCRemoteSwiftPackageReference section */

/* Begin XCSwiftPackageProductDependency section */
		E99FF8D829082929007EA912 /* SnapKit */ = {
			isa = XCSwiftPackageProductDependency;
			package = E99FF8D729082929007EA912 /* XCRemoteSwiftPackageReference "SnapKit" */;
			productName = SnapKit;
		};
		E99FF8DA29082929007EA912 /* SnapKit-Dynamic */ = {
			isa = XCSwiftPackageProductDependency;
			package = E99FF8D729082929007EA912 /* XCRemoteSwiftPackageReference "SnapKit" */;
			productName = "SnapKit-Dynamic";
		};
		E99FF8DD2908295F007EA912 /* Then */ = {
			isa = XCSwiftPackageProductDependency;
			package = E99FF8DC2908295E007EA912 /* XCRemoteSwiftPackageReference "Then" */;
			productName = Then;
		};
/* End XCSwiftPackageProductDependency section */
	};
	rootObject = E95D88FA28E966FB002E1D75 /* Project object */;
}
